{
  "version": 4,
  "terraform_version": "1.6.1",
  "serial": 391,
  "lineage": "ae2139e0-3804-4ae1-2ae5-53810d934165",
  "outputs": {
    "prometheus_network_addr_list": {
      "value": [
        {
          "gateway": "192.168.10.65",
          "global_ipv6_address": "",
          "global_ipv6_prefix_length": 0,
          "ip_address": "192.168.10.66",
          "ip_prefix_length": 28,
          "ipv6_gateway": "",
          "mac_address": "02:42:c0:a8:0a:42",
          "network_name": "prometheus"
        },
        {
          "gateway": "192.168.10.65",
          "global_ipv6_address": "",
          "global_ipv6_prefix_length": 0,
          "ip_address": "192.168.10.67",
          "ip_prefix_length": 28,
          "ipv6_gateway": "",
          "mac_address": "02:42:c0:a8:0a:43",
          "network_name": "prometheus"
        },
        {
          "gateway": "192.168.10.65",
          "global_ipv6_address": "",
          "global_ipv6_prefix_length": 0,
          "ip_address": "192.168.10.68",
          "ip_prefix_length": 28,
          "ipv6_gateway": "",
          "mac_address": "02:42:c0:a8:0a:44",
          "network_name": "prometheus"
        }
      ],
      "type": [
        "tuple",
        [
          [
            "object",
            {
              "gateway": "string",
              "global_ipv6_address": "string",
              "global_ipv6_prefix_length": "number",
              "ip_address": "string",
              "ip_prefix_length": "number",
              "ipv6_gateway": "string",
              "mac_address": "string",
              "network_name": "string"
            }
          ],
          [
            "object",
            {
              "gateway": "string",
              "global_ipv6_address": "string",
              "global_ipv6_prefix_length": "number",
              "ip_address": "string",
              "ip_prefix_length": "number",
              "ipv6_gateway": "string",
              "mac_address": "string",
              "network_name": "string"
            }
          ],
          [
            "object",
            {
              "gateway": "string",
              "global_ipv6_address": "string",
              "global_ipv6_prefix_length": "number",
              "ip_address": "string",
              "ip_prefix_length": "number",
              "ipv6_gateway": "string",
              "mac_address": "string",
              "network_name": "string"
            }
          ]
        ]
      ]
    },
    "prometheus_nw": {
      "value": [
        {
          "gateway": "192.168.10.65",
          "global_ipv6_address": "",
          "global_ipv6_prefix_length": 0,
          "ip_address": "192.168.10.69",
          "ip_prefix_length": 28,
          "ipv6_gateway": "",
          "mac_address": "02:42:c0:a8:0a:45",
          "network_name": "prometheus"
        }
      ],
      "type": [
        "list",
        [
          "object",
          {
            "gateway": "string",
            "global_ipv6_address": "string",
            "global_ipv6_prefix_length": "number",
            "ip_address": "string",
            "ip_prefix_length": "number",
            "ipv6_gateway": "string",
            "mac_address": "string",
            "network_name": "string"
          }
        ]
      ]
    },
    "prometheus_targets_addr": {
      "value": [
        "\"192.168.10.66:9090\"",
        "\"192.168.10.67:9090\"",
        "\"192.168.10.68:9090\""
      ],
      "type": [
        "tuple",
        [
          "string",
          "string",
          "string"
        ]
      ]
    },
    "router0_nw": {
      "value": [
        {
          "gateway": "192.168.10.17",
          "global_ipv6_address": "",
          "global_ipv6_prefix_length": 0,
          "ip_address": "192.168.10.19",
          "ip_prefix_length": 28,
          "ipv6_gateway": "",
          "mac_address": "02:42:c0:a8:0a:13",
          "network_name": "inet0_1"
        },
        {
          "gateway": "192.168.10.33",
          "global_ipv6_address": "",
          "global_ipv6_prefix_length": 0,
          "ip_address": "192.168.10.34",
          "ip_prefix_length": 28,
          "ipv6_gateway": "",
          "mac_address": "02:42:c0:a8:0a:22",
          "network_name": "inet0_2"
        },
        {
          "gateway": "192.168.10.65",
          "global_ipv6_address": "",
          "global_ipv6_prefix_length": 0,
          "ip_address": "192.168.10.66",
          "ip_prefix_length": 28,
          "ipv6_gateway": "",
          "mac_address": "02:42:c0:a8:0a:42",
          "network_name": "prometheus"
        }
      ],
      "type": [
        "list",
        [
          "object",
          {
            "gateway": "string",
            "global_ipv6_address": "string",
            "global_ipv6_prefix_length": "number",
            "ip_address": "string",
            "ip_prefix_length": "number",
            "ipv6_gateway": "string",
            "mac_address": "string",
            "network_name": "string"
          }
        ]
      ]
    },
    "router1_nw": {
      "value": [
        {
          "gateway": "192.168.10.17",
          "global_ipv6_address": "",
          "global_ipv6_prefix_length": 0,
          "ip_address": "192.168.10.18",
          "ip_prefix_length": 28,
          "ipv6_gateway": "",
          "mac_address": "02:42:c0:a8:0a:12",
          "network_name": "inet0_1"
        },
        {
          "gateway": "192.168.10.49",
          "global_ipv6_address": "",
          "global_ipv6_prefix_length": 0,
          "ip_address": "192.168.10.50",
          "ip_prefix_length": 28,
          "ipv6_gateway": "",
          "mac_address": "02:42:c0:a8:0a:32",
          "network_name": "inet1_2"
        },
        {
          "gateway": "192.168.10.65",
          "global_ipv6_address": "",
          "global_ipv6_prefix_length": 0,
          "ip_address": "192.168.10.67",
          "ip_prefix_length": 28,
          "ipv6_gateway": "",
          "mac_address": "02:42:c0:a8:0a:43",
          "network_name": "prometheus"
        }
      ],
      "type": [
        "list",
        [
          "object",
          {
            "gateway": "string",
            "global_ipv6_address": "string",
            "global_ipv6_prefix_length": "number",
            "ip_address": "string",
            "ip_prefix_length": "number",
            "ipv6_gateway": "string",
            "mac_address": "string",
            "network_name": "string"
          }
        ]
      ]
    },
    "router2_nw": {
      "value": [
        {
          "gateway": "192.168.10.33",
          "global_ipv6_address": "",
          "global_ipv6_prefix_length": 0,
          "ip_address": "192.168.10.35",
          "ip_prefix_length": 28,
          "ipv6_gateway": "",
          "mac_address": "02:42:c0:a8:0a:23",
          "network_name": "inet0_2"
        },
        {
          "gateway": "192.168.10.49",
          "global_ipv6_address": "",
          "global_ipv6_prefix_length": 0,
          "ip_address": "192.168.10.51",
          "ip_prefix_length": 28,
          "ipv6_gateway": "",
          "mac_address": "02:42:c0:a8:0a:33",
          "network_name": "inet1_2"
        },
        {
          "gateway": "192.168.10.65",
          "global_ipv6_address": "",
          "global_ipv6_prefix_length": 0,
          "ip_address": "192.168.10.68",
          "ip_prefix_length": 28,
          "ipv6_gateway": "",
          "mac_address": "02:42:c0:a8:0a:44",
          "network_name": "prometheus"
        }
      ],
      "type": [
        "list",
        [
          "object",
          {
            "gateway": "string",
            "global_ipv6_address": "string",
            "global_ipv6_prefix_length": "number",
            "ip_address": "string",
            "ip_prefix_length": "number",
            "ipv6_gateway": "string",
            "mac_address": "string",
            "network_name": "string"
          }
        ]
      ]
    }
  },
  "resources": [
    {
      "mode": "managed",
      "type": "docker_container",
      "name": "prometheus",
      "provider": "provider[\"registry.terraform.io/kreuzwerker/docker\"]",
      "instances": [
        {
          "schema_version": 2,
          "attributes": {
            "attach": false,
            "bridge": "",
            "capabilities": [],
            "cgroupns_mode": null,
            "command": [
              "--config.file=/etc/prometheus/prometheus.yml",
              "--storage.tsdb.path=/prometheus"
            ],
            "container_logs": null,
            "container_read_refresh_timeout_milliseconds": 15000,
            "cpu_set": "",
            "cpu_shares": 0,
            "destroy_grace_seconds": null,
            "devices": [],
            "dns": null,
            "dns_opts": null,
            "dns_search": null,
            "domainname": "",
            "entrypoint": [
              "/bin/prometheus"
            ],
            "env": [],
            "exit_code": null,
            "gpus": null,
            "group_add": null,
            "healthcheck": null,
            "host": [],
            "hostname": "520d650e67fb",
            "id": "520d650e67fb69b91780af67ea9696f3641eb5d6580f8d7c07d2ce92e244e26b",
            "image": "sha256:b03768b531a2b8c6b6813c7bf3ed6b5ad50c62eba9f67ab50b991267f010133d",
            "init": false,
            "ipc_mode": "private",
            "labels": [],
            "log_driver": "json-file",
            "log_opts": null,
            "logs": false,
            "max_retry_count": 0,
            "memory": 0,
            "memory_swap": 0,
            "mounts": [],
            "must_run": true,
            "name": "prometheus",
            "network_data": [
              {
                "gateway": "192.168.10.65",
                "global_ipv6_address": "",
                "global_ipv6_prefix_length": 0,
                "ip_address": "192.168.10.69",
                "ip_prefix_length": 28,
                "ipv6_gateway": "",
                "mac_address": "02:42:c0:a8:0a:45",
                "network_name": "prometheus"
              }
            ],
            "network_mode": "bridge",
            "networks_advanced": [
              {
                "aliases": [],
                "ipv4_address": "",
                "ipv6_address": "",
                "name": "prometheus"
              }
            ],
            "pid_mode": "",
            "ports": [
              {
                "external": 9090,
                "internal": 9090,
                "ip": "0.0.0.0",
                "protocol": "tcp"
              }
            ],
            "privileged": false,
            "publish_all_ports": false,
            "read_only": false,
            "remove_volumes": true,
            "restart": "no",
            "rm": false,
            "runtime": "runc",
            "security_opts": [],
            "shm_size": 64,
            "start": true,
            "stdin_open": false,
            "stop_signal": "",
            "stop_timeout": 0,
            "storage_opts": null,
            "sysctls": null,
            "tmpfs": null,
            "tty": false,
            "ulimit": [],
            "upload": [
              {
                "content": "",
                "content_base64": "",
                "executable": false,
                "file": "/etc/prometheus/prometheus.yml",
                "source": "local/prometheus.yml",
                "source_hash": ""
              }
            ],
            "user": "nobody",
            "userns_mode": "",
            "volumes": [],
            "wait": false,
            "wait_timeout": 60,
            "working_dir": "/prometheus"
          },
          "sensitive_attributes": [],
          "private": "eyJzY2hlbWFfdmVyc2lvbiI6IjIifQ==",
          "dependencies": [
            "docker_container.router0",
            "docker_container.router1",
            "docker_container.router2",
            "docker_image.prometheus",
            "docker_image.router",
            "docker_network.inet0_1",
            "docker_network.inet0_2",
            "docker_network.inet1_2",
            "docker_network.prometheus",
            "local_file.dockerfile",
            "local_file.prometheus"
          ]
        }
      ]
    },
    {
      "mode": "managed",
      "type": "docker_container",
      "name": "router0",
      "provider": "provider[\"registry.terraform.io/kreuzwerker/docker\"]",
      "instances": [
        {
          "schema_version": 2,
          "attributes": {
            "attach": false,
            "bridge": "",
            "capabilities": [],
            "cgroupns_mode": null,
            "command": [
              "./node_exporter"
            ],
            "container_logs": null,
            "container_read_refresh_timeout_milliseconds": 15000,
            "cpu_set": "",
            "cpu_shares": 0,
            "destroy_grace_seconds": null,
            "devices": [],
            "dns": null,
            "dns_opts": null,
            "dns_search": null,
            "domainname": "",
            "entrypoint": [],
            "env": [],
            "exit_code": null,
            "gpus": null,
            "group_add": null,
            "healthcheck": null,
            "host": [],
            "hostname": "2c3cb39fcd81",
            "id": "2c3cb39fcd81670656806732be8b451ad7994c69e26db737d6cd315b33f5335a",
            "image": "sha256:c5e807fc8b7c9b9ad4bc3906f0daea686e13e803bbb75e901ca22853f27087a3",
            "init": false,
            "ipc_mode": "private",
            "labels": [],
            "log_driver": "json-file",
            "log_opts": null,
            "logs": false,
            "max_retry_count": 0,
            "memory": 0,
            "memory_swap": 0,
            "mounts": [],
            "must_run": true,
            "name": "router0",
            "network_data": [
              {
                "gateway": "192.168.10.17",
                "global_ipv6_address": "",
                "global_ipv6_prefix_length": 0,
                "ip_address": "192.168.10.19",
                "ip_prefix_length": 28,
                "ipv6_gateway": "",
                "mac_address": "02:42:c0:a8:0a:13",
                "network_name": "inet0_1"
              },
              {
                "gateway": "192.168.10.33",
                "global_ipv6_address": "",
                "global_ipv6_prefix_length": 0,
                "ip_address": "192.168.10.34",
                "ip_prefix_length": 28,
                "ipv6_gateway": "",
                "mac_address": "02:42:c0:a8:0a:22",
                "network_name": "inet0_2"
              },
              {
                "gateway": "192.168.10.65",
                "global_ipv6_address": "",
                "global_ipv6_prefix_length": 0,
                "ip_address": "192.168.10.66",
                "ip_prefix_length": 28,
                "ipv6_gateway": "",
                "mac_address": "02:42:c0:a8:0a:42",
                "network_name": "prometheus"
              }
            ],
            "network_mode": "bridge",
            "networks_advanced": [
              {
                "aliases": [],
                "ipv4_address": "",
                "ipv6_address": "",
                "name": "inet0_1"
              },
              {
                "aliases": [],
                "ipv4_address": "",
                "ipv6_address": "",
                "name": "inet0_2"
              },
              {
                "aliases": [],
                "ipv4_address": "",
                "ipv6_address": "",
                "name": "prometheus"
              }
            ],
            "pid_mode": "",
            "ports": [],
            "privileged": false,
            "publish_all_ports": false,
            "read_only": false,
            "remove_volumes": true,
            "restart": "no",
            "rm": false,
            "runtime": "runc",
            "security_opts": [],
            "shm_size": 64,
            "start": true,
            "stdin_open": false,
            "stop_signal": "",
            "stop_timeout": 0,
            "storage_opts": null,
            "sysctls": {
              "net.ipv4.ip_forward": "1"
            },
            "tmpfs": null,
            "tty": false,
            "ulimit": [],
            "upload": [],
            "user": "",
            "userns_mode": "",
            "volumes": [],
            "wait": false,
            "wait_timeout": 60,
            "working_dir": "/usr/local/bin"
          },
          "sensitive_attributes": [],
          "private": "eyJzY2hlbWFfdmVyc2lvbiI6IjIifQ==",
          "dependencies": [
            "docker_image.router",
            "docker_network.inet0_1",
            "docker_network.inet0_2",
            "docker_network.prometheus",
            "local_file.dockerfile"
          ]
        }
      ]
    },
    {
      "mode": "managed",
      "type": "docker_container",
      "name": "router1",
      "provider": "provider[\"registry.terraform.io/kreuzwerker/docker\"]",
      "instances": [
        {
          "schema_version": 2,
          "attributes": {
            "attach": false,
            "bridge": "",
            "capabilities": [],
            "cgroupns_mode": null,
            "command": [
              "./node_exporter"
            ],
            "container_logs": null,
            "container_read_refresh_timeout_milliseconds": 15000,
            "cpu_set": "",
            "cpu_shares": 0,
            "destroy_grace_seconds": null,
            "devices": [],
            "dns": null,
            "dns_opts": null,
            "dns_search": null,
            "domainname": "",
            "entrypoint": [],
            "env": [],
            "exit_code": null,
            "gpus": null,
            "group_add": null,
            "healthcheck": null,
            "host": [],
            "hostname": "3e7834e2bc9b",
            "id": "3e7834e2bc9b787a94f08db6e47783f3224f49f8019ed120fb725dce83284cc5",
            "image": "sha256:c5e807fc8b7c9b9ad4bc3906f0daea686e13e803bbb75e901ca22853f27087a3",
            "init": false,
            "ipc_mode": "private",
            "labels": [],
            "log_driver": "json-file",
            "log_opts": null,
            "logs": false,
            "max_retry_count": 0,
            "memory": 0,
            "memory_swap": 0,
            "mounts": [],
            "must_run": true,
            "name": "router1",
            "network_data": [
              {
                "gateway": "192.168.10.17",
                "global_ipv6_address": "",
                "global_ipv6_prefix_length": 0,
                "ip_address": "192.168.10.18",
                "ip_prefix_length": 28,
                "ipv6_gateway": "",
                "mac_address": "02:42:c0:a8:0a:12",
                "network_name": "inet0_1"
              },
              {
                "gateway": "192.168.10.49",
                "global_ipv6_address": "",
                "global_ipv6_prefix_length": 0,
                "ip_address": "192.168.10.50",
                "ip_prefix_length": 28,
                "ipv6_gateway": "",
                "mac_address": "02:42:c0:a8:0a:32",
                "network_name": "inet1_2"
              },
              {
                "gateway": "192.168.10.65",
                "global_ipv6_address": "",
                "global_ipv6_prefix_length": 0,
                "ip_address": "192.168.10.67",
                "ip_prefix_length": 28,
                "ipv6_gateway": "",
                "mac_address": "02:42:c0:a8:0a:43",
                "network_name": "prometheus"
              }
            ],
            "network_mode": "bridge",
            "networks_advanced": [
              {
                "aliases": [],
                "ipv4_address": "",
                "ipv6_address": "",
                "name": "inet0_1"
              },
              {
                "aliases": [],
                "ipv4_address": "",
                "ipv6_address": "",
                "name": "inet1_2"
              },
              {
                "aliases": [],
                "ipv4_address": "",
                "ipv6_address": "",
                "name": "prometheus"
              }
            ],
            "pid_mode": "",
            "ports": [],
            "privileged": false,
            "publish_all_ports": false,
            "read_only": false,
            "remove_volumes": true,
            "restart": "no",
            "rm": false,
            "runtime": "runc",
            "security_opts": [],
            "shm_size": 64,
            "start": true,
            "stdin_open": false,
            "stop_signal": "",
            "stop_timeout": 0,
            "storage_opts": null,
            "sysctls": {
              "net.ipv4.ip_forward": "1"
            },
            "tmpfs": null,
            "tty": false,
            "ulimit": [],
            "upload": [],
            "user": "",
            "userns_mode": "",
            "volumes": [],
            "wait": false,
            "wait_timeout": 60,
            "working_dir": "/usr/local/bin"
          },
          "sensitive_attributes": [],
          "private": "eyJzY2hlbWFfdmVyc2lvbiI6IjIifQ==",
          "dependencies": [
            "docker_image.router",
            "docker_network.inet0_1",
            "docker_network.inet1_2",
            "docker_network.prometheus",
            "local_file.dockerfile"
          ]
        }
      ]
    },
    {
      "mode": "managed",
      "type": "docker_container",
      "name": "router2",
      "provider": "provider[\"registry.terraform.io/kreuzwerker/docker\"]",
      "instances": [
        {
          "schema_version": 2,
          "attributes": {
            "attach": false,
            "bridge": "",
            "capabilities": [],
            "cgroupns_mode": null,
            "command": [
              "./node_exporter"
            ],
            "container_logs": null,
            "container_read_refresh_timeout_milliseconds": 15000,
            "cpu_set": "",
            "cpu_shares": 0,
            "destroy_grace_seconds": null,
            "devices": [],
            "dns": null,
            "dns_opts": null,
            "dns_search": null,
            "domainname": "",
            "entrypoint": [],
            "env": [],
            "exit_code": null,
            "gpus": null,
            "group_add": null,
            "healthcheck": null,
            "host": [],
            "hostname": "dbf9ee386255",
            "id": "dbf9ee3862556da48feeefc3542e4ad26f66863bc744be331c06bc5264e3ae4e",
            "image": "sha256:c5e807fc8b7c9b9ad4bc3906f0daea686e13e803bbb75e901ca22853f27087a3",
            "init": false,
            "ipc_mode": "private",
            "labels": [],
            "log_driver": "json-file",
            "log_opts": null,
            "logs": false,
            "max_retry_count": 0,
            "memory": 0,
            "memory_swap": 0,
            "mounts": [],
            "must_run": true,
            "name": "router2",
            "network_data": [
              {
                "gateway": "192.168.10.33",
                "global_ipv6_address": "",
                "global_ipv6_prefix_length": 0,
                "ip_address": "192.168.10.35",
                "ip_prefix_length": 28,
                "ipv6_gateway": "",
                "mac_address": "02:42:c0:a8:0a:23",
                "network_name": "inet0_2"
              },
              {
                "gateway": "192.168.10.49",
                "global_ipv6_address": "",
                "global_ipv6_prefix_length": 0,
                "ip_address": "192.168.10.51",
                "ip_prefix_length": 28,
                "ipv6_gateway": "",
                "mac_address": "02:42:c0:a8:0a:33",
                "network_name": "inet1_2"
              },
              {
                "gateway": "192.168.10.65",
                "global_ipv6_address": "",
                "global_ipv6_prefix_length": 0,
                "ip_address": "192.168.10.68",
                "ip_prefix_length": 28,
                "ipv6_gateway": "",
                "mac_address": "02:42:c0:a8:0a:44",
                "network_name": "prometheus"
              }
            ],
            "network_mode": "bridge",
            "networks_advanced": [
              {
                "aliases": [],
                "ipv4_address": "",
                "ipv6_address": "",
                "name": "inet0_2"
              },
              {
                "aliases": [],
                "ipv4_address": "",
                "ipv6_address": "",
                "name": "inet1_2"
              },
              {
                "aliases": [],
                "ipv4_address": "",
                "ipv6_address": "",
                "name": "prometheus"
              }
            ],
            "pid_mode": "",
            "ports": [],
            "privileged": false,
            "publish_all_ports": false,
            "read_only": false,
            "remove_volumes": true,
            "restart": "no",
            "rm": false,
            "runtime": "runc",
            "security_opts": [],
            "shm_size": 64,
            "start": true,
            "stdin_open": false,
            "stop_signal": "",
            "stop_timeout": 0,
            "storage_opts": null,
            "sysctls": {
              "net.ipv4.ip_forward": "1"
            },
            "tmpfs": null,
            "tty": false,
            "ulimit": [],
            "upload": [],
            "user": "",
            "userns_mode": "",
            "volumes": [],
            "wait": false,
            "wait_timeout": 60,
            "working_dir": "/usr/local/bin"
          },
          "sensitive_attributes": [],
          "private": "eyJzY2hlbWFfdmVyc2lvbiI6IjIifQ==",
          "dependencies": [
            "docker_image.router",
            "docker_network.inet0_2",
            "docker_network.inet1_2",
            "docker_network.prometheus",
            "local_file.dockerfile"
          ]
        }
      ]
    },
    {
      "mode": "managed",
      "type": "docker_image",
      "name": "prometheus",
      "provider": "provider[\"registry.terraform.io/kreuzwerker/docker\"]",
      "instances": [
        {
          "schema_version": 0,
          "attributes": {
            "build": [],
            "force_remove": null,
            "id": "sha256:b03768b531a2b8c6b6813c7bf3ed6b5ad50c62eba9f67ab50b991267f010133dprom/prometheus:latest",
            "image_id": "sha256:b03768b531a2b8c6b6813c7bf3ed6b5ad50c62eba9f67ab50b991267f010133d",
            "keep_locally": null,
            "name": "prom/prometheus:latest",
            "platform": null,
            "pull_triggers": null,
            "repo_digest": "prom/prometheus@sha256:6559acbd5d770b15bb3c954629ce190ac3cbbdb2b7f1c30f0385c4e05104e218",
            "triggers": null
          },
          "sensitive_attributes": [],
          "private": "bnVsbA=="
        }
      ]
    },
    {
      "mode": "managed",
      "type": "docker_image",
      "name": "router",
      "provider": "provider[\"registry.terraform.io/kreuzwerker/docker\"]",
      "instances": [
        {
          "schema_version": 0,
          "attributes": {
            "build": [
              {
                "auth_config": [],
                "build_arg": {},
                "build_args": {},
                "build_id": "",
                "cache_from": [],
                "cgroup_parent": "",
                "context": "local/",
                "cpu_period": 0,
                "cpu_quota": 0,
                "cpu_set_cpus": "",
                "cpu_set_mems": "",
                "cpu_shares": 0,
                "dockerfile": "Dockerfile",
                "extra_hosts": [],
                "force_remove": false,
                "isolation": "",
                "label": {},
                "labels": {},
                "memory": 0,
                "memory_swap": 0,
                "network_mode": "",
                "no_cache": false,
                "platform": "",
                "pull_parent": false,
                "remote_context": "",
                "remove": true,
                "security_opt": [],
                "session_id": "",
                "shm_size": 0,
                "squash": false,
                "suppress_output": false,
                "tag": [],
                "target": "",
                "ulimit": [],
                "version": ""
              }
            ],
            "force_remove": null,
            "id": "sha256:c5e807fc8b7c9b9ad4bc3906f0daea686e13e803bbb75e901ca22853f27087a3router:latest",
            "image_id": "sha256:c5e807fc8b7c9b9ad4bc3906f0daea686e13e803bbb75e901ca22853f27087a3",
            "keep_locally": null,
            "name": "router:latest",
            "platform": null,
            "pull_triggers": null,
            "repo_digest": "",
            "triggers": {
              "sha256": "ec8e6c01c42581d487c8f617bdd635b28b759ce30721e3c361a5a82d7e4dca38"
            }
          },
          "sensitive_attributes": [],
          "private": "bnVsbA==",
          "dependencies": [
            "local_file.dockerfile"
          ]
        }
      ]
    },
    {
      "mode": "managed",
      "type": "docker_network",
      "name": "inet0_1",
      "provider": "provider[\"registry.terraform.io/kreuzwerker/docker\"]",
      "instances": [
        {
          "schema_version": 1,
          "attributes": {
            "attachable": false,
            "check_duplicate": null,
            "driver": "bridge",
            "id": "aa2791389fd73c9cd3250340dc7ba2369ce76c13b91c031a51697a209828945e",
            "ingress": false,
            "internal": false,
            "ipam_config": [
              {
                "aux_address": {},
                "gateway": "",
                "ip_range": "",
                "subnet": "192.168.10.16/28"
              }
            ],
            "ipam_driver": "default",
            "ipam_options": {},
            "ipv6": false,
            "labels": [],
            "name": "inet0_1",
            "options": {},
            "scope": "local"
          },
          "sensitive_attributes": [],
          "private": "eyJzY2hlbWFfdmVyc2lvbiI6IjEifQ=="
        }
      ]
    },
    {
      "mode": "managed",
      "type": "docker_network",
      "name": "inet0_2",
      "provider": "provider[\"registry.terraform.io/kreuzwerker/docker\"]",
      "instances": [
        {
          "schema_version": 1,
          "attributes": {
            "attachable": false,
            "check_duplicate": null,
            "driver": "bridge",
            "id": "13dcf0dd04cf2c82118aab1c1a30c64b33e40524b233c4b67ee5b222812ca0d5",
            "ingress": false,
            "internal": false,
            "ipam_config": [
              {
                "aux_address": {},
                "gateway": "",
                "ip_range": "",
                "subnet": "192.168.10.32/28"
              }
            ],
            "ipam_driver": "default",
            "ipam_options": {},
            "ipv6": false,
            "labels": [],
            "name": "inet0_2",
            "options": {},
            "scope": "local"
          },
          "sensitive_attributes": [],
          "private": "eyJzY2hlbWFfdmVyc2lvbiI6IjEifQ=="
        }
      ]
    },
    {
      "mode": "managed",
      "type": "docker_network",
      "name": "inet1_2",
      "provider": "provider[\"registry.terraform.io/kreuzwerker/docker\"]",
      "instances": [
        {
          "schema_version": 1,
          "attributes": {
            "attachable": false,
            "check_duplicate": null,
            "driver": "bridge",
            "id": "7456075f457f3917a42654bd487ae59253e6c2c6cd29d69125c6f3fec2a7c8e4",
            "ingress": false,
            "internal": false,
            "ipam_config": [
              {
                "aux_address": {},
                "gateway": "",
                "ip_range": "",
                "subnet": "192.168.10.48/28"
              }
            ],
            "ipam_driver": "default",
            "ipam_options": {},
            "ipv6": false,
            "labels": [],
            "name": "inet1_2",
            "options": {},
            "scope": "local"
          },
          "sensitive_attributes": [],
          "private": "eyJzY2hlbWFfdmVyc2lvbiI6IjEifQ=="
        }
      ]
    },
    {
      "mode": "managed",
      "type": "docker_network",
      "name": "prometheus",
      "provider": "provider[\"registry.terraform.io/kreuzwerker/docker\"]",
      "instances": [
        {
          "schema_version": 1,
          "attributes": {
            "attachable": false,
            "check_duplicate": null,
            "driver": "bridge",
            "id": "89b42b157cf26f8c8dfa62fd23212b0e1af273b1779f90cf70df27ca4c8229f2",
            "ingress": false,
            "internal": false,
            "ipam_config": [
              {
                "aux_address": {},
                "gateway": "",
                "ip_range": "",
                "subnet": "192.168.10.64/28"
              }
            ],
            "ipam_driver": "default",
            "ipam_options": {},
            "ipv6": false,
            "labels": [],
            "name": "prometheus",
            "options": {},
            "scope": "local"
          },
          "sensitive_attributes": [],
          "private": "eyJzY2hlbWFfdmVyc2lvbiI6IjEifQ=="
        }
      ]
    },
    {
      "mode": "managed",
      "type": "local_file",
      "name": "dockerfile",
      "provider": "provider[\"registry.terraform.io/hashicorp/local\"]",
      "instances": [
        {
          "schema_version": 0,
          "attributes": {
            "content": "FROM debian:bookworm-slim\n\nRUN apt clean \u0026\u0026 apt update \u0026\u0026 apt update -y\n\n# 検証用ツール\nRUN apt install -y vim curl \\\n        # ping command\n        iputils-ping \\\n        # ip command\n        iproute2 \\\n        # traceroute command\n        traceroute \\\n        # ネットワークパケットをキャプチャして表示するためのユーティリティ\n        tcpdump\n\nWORKDIR /tmp\nRUN curl -OL https://github.com/prometheus/node_exporter/releases/download/v1.8.2//node_exporter-1.8.2.linux-amd64.tar.gz \u0026\u0026 \\\n        tar xzvf node_exporter-1.8.2.linux-amd64.tar.gz \u0026\u0026 \\\n        cd node_exporter-1.8.2.linux-amd64 \u0026\u0026 \\\n        cp node_exporter /usr/local/bin\nWORKDIR /usr/local/bin\nCMD [ \"./node_exporter\" ]",
            "content_base64": null,
            "content_base64sha256": "7I5sAcQlgdSHyPYXvdY1sot1nOMHIePDYaWoLX5Nyjg=",
            "content_base64sha512": "Z8ENaXStGe6w9jrHUBn3NdlA4QZwShGW/0Ar0fF6wZfhmAb8uxqAJrLlGpzD4ojXk2HmUYJUuElWkJ6MitM5+w==",
            "content_md5": "7b37a4e923226a7409898fe8108ae923",
            "content_sha1": "5aead13d3216b0864b336253920d9e5714423dce",
            "content_sha256": "ec8e6c01c42581d487c8f617bdd635b28b759ce30721e3c361a5a82d7e4dca38",
            "content_sha512": "67c10d6974ad19eeb0f63ac75019f735d940e106704a1196ff402bd1f17ac197e19806fcbb1a8026b2e51a9cc3e288d79361e6518254b84956909e8c8ad339fb",
            "directory_permission": "0777",
            "file_permission": "0777",
            "filename": "local/Dockerfile",
            "id": "5aead13d3216b0864b336253920d9e5714423dce",
            "sensitive_content": null,
            "source": null
          },
          "sensitive_attributes": []
        }
      ]
    },
    {
      "mode": "managed",
      "type": "local_file",
      "name": "prometheus",
      "provider": "provider[\"registry.terraform.io/hashicorp/local\"]",
      "instances": [
        {
          "schema_version": 0,
          "attributes": {
            "content": "global:\r\n  scrape_interval: 10\r\n  evaluation_interval: 10\r\n\r\nscrape_configs:\r\n  - job_name: \"prometheus\"\r\n    static_configs:\r\n      - targets: [\"192.168.10.66:9090\",\"192.168.10.67:9090\",\"192.168.10.68:9090\"]\r\n",
            "content_base64": null,
            "content_base64sha256": "Tr9WRE6MASLCGkhIiksaeBhhBaGjZ56m/rWJN36r/G4=",
            "content_base64sha512": "iQgfoQqop0HUUeSoSXMxGoHz8vawA5uKBN2LPeMg2w5yQpz9LCrIDzqstgWsaRRgihNW3IdTGXQJQy1kfA51Tg==",
            "content_md5": "c58d1b2f46fc4d30656eceaa75673142",
            "content_sha1": "50b50f7917e853e19103888970a6aed25dc76a75",
            "content_sha256": "4ebf56444e8c0122c21a48488a4b1a78186105a1a3679ea6feb589377eabfc6e",
            "content_sha512": "89081fa10aa8a741d451e4a84973311a81f3f2f6b0039b8a04dd8b3de320db0e72429cfd2c2ac80f3aacb605ac6914608a1356dc8753197409432d647c0e754e",
            "directory_permission": "0777",
            "file_permission": "0777",
            "filename": "local/prometheus.yml",
            "id": "50b50f7917e853e19103888970a6aed25dc76a75",
            "sensitive_content": null,
            "source": null
          },
          "sensitive_attributes": [],
          "dependencies": [
            "docker_container.router0",
            "docker_container.router1",
            "docker_container.router2",
            "docker_image.router",
            "docker_network.inet0_1",
            "docker_network.inet0_2",
            "docker_network.inet1_2",
            "docker_network.prometheus",
            "local_file.dockerfile"
          ]
        }
      ]
    }
  ],
  "check_results": null
}
